<?xml version="1.0" encoding="utf-8"?>
<Project ToolsVersion="4.0" xmlns="http://schemas.microsoft.com/developer/msbuild/2003">
  <ItemGroup>
    <Filter Include="Source Files">
      <UniqueIdentifier>{4FC737F1-C7A5-4376-A066-2A32D752A2FF}</UniqueIdentifier>
      <Extensions>cpp;c;cc;cxx;def;odl;idl;hpj;bat;asm;asmx</Extensions>
    </Filter>
    <Filter Include="Header Files">
      <UniqueIdentifier>{93995380-89BD-4b04-88EB-625FBE52EBFB}</UniqueIdentifier>
      <Extensions>h;hh;hpp;hxx;hm;inl;inc;ipp;xsd</Extensions>
    </Filter>
    <Filter Include="Asset">
      <UniqueIdentifier>{67DA6AB6-F800-4c08-8B7A-83BB121AAD01}</UniqueIdentifier>
      <Extensions>rc;ico;cur;bmp;dlg;rc2;rct;bin;rgs;gif;jpg;jpeg;jpe;resx;tiff;tif;png;wav;mfcribbon-ms</Extensions>
    </Filter>
    <Filter Include="Asset\Levels">
      <UniqueIdentifier>{694b8280-5357-4343-8d9f-755e4a5046f8}</UniqueIdentifier>
    </Filter>
    <Filter Include="Asset\Textures">
      <UniqueIdentifier>{42187385-f6e7-426b-bdfe-0535480ba2be}</UniqueIdentifier>
    </Filter>
  </ItemGroup>
  <ItemGroup>
    <ClCompile Include="main.cpp">
      <Filter>Source Files</Filter>
    </ClCompile>
    <ClCompile Include="Game.cpp">
      <Filter>Source Files</Filter>
    </ClCompile>
    <ClCompile Include="Actor.cpp">
      <Filter>Source Files</Filter>
    </ClCompile>
    <ClCompile Include="BallObject.cpp">
      <Filter>Source Files</Filter>
    </ClCompile>
    <ClCompile Include="DrawableComponent.cpp">
      <Filter>Source Files</Filter>
    </ClCompile>
    <ClCompile Include="GameLevel.cpp">
      <Filter>Source Files</Filter>
    </ClCompile>
    <ClCompile Include="GameObject.cpp">
      <Filter>Source Files</Filter>
    </ClCompile>
    <ClCompile Include="IActorComponent.cpp">
      <Filter>Source Files</Filter>
    </ClCompile>
    <ClCompile Include="IDrawableComponent.cpp">
      <Filter>Source Files</Filter>
    </ClCompile>
    <ClCompile Include="IRenderer.cpp">
      <Filter>Source Files</Filter>
    </ClCompile>
    <ClCompile Include="IShape.cpp">
      <Filter>Source Files</Filter>
    </ClCompile>
    <ClCompile Include="Physics2DComponent.cpp">
      <Filter>Source Files</Filter>
    </ClCompile>
    <ClCompile Include="RessourceManager.cpp">
      <Filter>Source Files</Filter>
    </ClCompile>
    <ClCompile Include="Shader.cpp">
      <Filter>Source Files</Filter>
    </ClCompile>
    <ClCompile Include="SphereComponent.cpp">
      <Filter>Source Files</Filter>
    </ClCompile>
    <ClCompile Include="SpriteRenderer.cpp">
      <Filter>Source Files</Filter>
    </ClCompile>
    <ClCompile Include="SquareShape.cpp">
      <Filter>Source Files</Filter>
    </ClCompile>
    <ClCompile Include="Texture.cpp">
      <Filter>Source Files</Filter>
    </ClCompile>
    <ClCompile Include="Transform2DComponent.cpp">
      <Filter>Source Files</Filter>
    </ClCompile>
  </ItemGroup>
  <ItemGroup>
    <ClInclude Include="Game.h">
      <Filter>Header Files</Filter>
    </ClInclude>
    <ClInclude Include="Actor.h">
      <Filter>Header Files</Filter>
    </ClInclude>
    <ClInclude Include="BallObject.h">
      <Filter>Header Files</Filter>
    </ClInclude>
    <ClInclude Include="DrawableComponent.h">
      <Filter>Header Files</Filter>
    </ClInclude>
    <ClInclude Include="GameLevel.h">
      <Filter>Header Files</Filter>
    </ClInclude>
    <ClInclude Include="GameObject.h">
      <Filter>Header Files</Filter>
    </ClInclude>
    <ClInclude Include="IActorComponent.h">
      <Filter>Header Files</Filter>
    </ClInclude>
    <ClInclude Include="IDrawableComponent.h">
      <Filter>Header Files</Filter>
    </ClInclude>
    <ClInclude Include="IRenderer.h">
      <Filter>Header Files</Filter>
    </ClInclude>
    <ClInclude Include="IShape.h">
      <Filter>Header Files</Filter>
    </ClInclude>
    <ClInclude Include="Physics2DComponent.h">
      <Filter>Header Files</Filter>
    </ClInclude>
    <ClInclude Include="resource.h">
      <Filter>Header Files</Filter>
    </ClInclude>
    <ClInclude Include="RessourceManager.h">
      <Filter>Header Files</Filter>
    </ClInclude>
    <ClInclude Include="Shader.h">
      <Filter>Header Files</Filter>
    </ClInclude>
    <ClInclude Include="SphereComponent.h">
      <Filter>Header Files</Filter>
    </ClInclude>
    <ClInclude Include="SpriteRenderer.h">
      <Filter>Header Files</Filter>
    </ClInclude>
    <ClInclude Include="SquareShape.h">
      <Filter>Header Files</Filter>
    </ClInclude>
    <ClInclude Include="Texture.h">
      <Filter>Header Files</Filter>
    </ClInclude>
    <ClInclude Include="Transform2DComponent.h">
      <Filter>Header Files</Filter>
    </ClInclude>
  </ItemGroup>
  <ItemGroup>
    <Image Include="E:\breakout_opegl\BreakoutOGL\Assets\screen.png">
      <Filter>Asset</Filter>
    </Image>
    <Image Include="E:\breakout_opegl\BreakoutOGL\Assets\Textures\background.jpg">
      <Filter>Asset\Textures</Filter>
    </Image>
    <Image Include="E:\breakout_opegl\BreakoutOGL\Assets\Textures\block.png">
      <Filter>Asset\Textures</Filter>
    </Image>
    <Image Include="E:\breakout_opegl\BreakoutOGL\Assets\Textures\block_solid.png">
      <Filter>Asset\Textures</Filter>
    </Image>
    <Image Include="E:\breakout_opegl\BreakoutOGL\Assets\Textures\paddle.png">
      <Filter>Asset\Textures</Filter>
    </Image>
    <Image Include="E:\breakout_opegl\BreakoutOGL\Assets\Textures\awesomeface.png">
      <Filter>Asset\Textures</Filter>
    </Image>
  </ItemGroup>
  <ItemGroup>
    <Text Include="E:\breakout_opegl\BreakoutOGL\Assets\Levels\one.txt">
      <Filter>Asset\Levels</Filter>
    </Text>
    <Text Include="E:\breakout_opegl\BreakoutOGL\Assets\Levels\three.txt">
      <Filter>Asset\Levels</Filter>
    </Text>
    <Text Include="E:\breakout_opegl\BreakoutOGL\Assets\Levels\two.txt">
      <Filter>Asset\Levels</Filter>
    </Text>
    <Text Include="E:\breakout_opegl\BreakoutOGL\Assets\Levels\four.txt">
      <Filter>Asset\Levels</Filter>
    </Text>
  </ItemGroup>
</Project>